
Microsoft Visual Studio Solution File, Format Version 12.00
# Visual Studio Version 16
VisualStudioVersion = 16.0.29911.84
MinimumVisualStudioVersion = 10.0.40219.1
Project("{9A19103F-16F7-4668-BE54-9A1E7A4F7556}") = "SFACGPC", "SFACG-PC\SFACGPC.csproj", "{6E42E4AA-4993-46F9-BA8C-723550B354C3}"
EndProject
Global
	GlobalSection(SolutionConfigurationPlatforms) = preSolution
		Debug|Any CPU = Debug|Any CPU
		Debug|x64 = Debug|x64
		Release|Any CPU = Release|Any CPU
		Release|x64 = Release|x64
	EndGlobalSection
	GlobalSection(ProjectConfigurationPlatforms) = postSolution
		{6E42E4AA-4993-46F9-BA8C-723550B354C3}.Debug|Any CPU.ActiveCfg = Debug|Any CPU
		{6E42E4AA-4993-46F9-BA8C-723550B354C3}.Debug|Any CPU.Build.0 = Debug|Any CPU
		{6E42E4AA-4993-46F9-BA8C-723550B354C3}.Debug|x64.ActiveCfg = Debug|x64
		{6E42E4AA-4993-46F9-BA8C-723550B354C3}.Debug|x64.Build.0 = Debug|x64
		{6E42E4AA-4993-46F9-BA8C-723550B354C3}.Release|Any CPU.ActiveCfg = Release|Any CPU
		{6E42E4AA-4993-46F9-BA8C-723550B354C3}.Release|Any CPU.Build.0 = Release|Any CPU
		{6E42E4AA-4993-46F9-BA8C-723550B354C3}.Release|x64.ActiveCfg = Release|x64
		{6E42E4AA-4993-46F9-BA8C-723550B354C3}.Release|x64.Build.0 = Release|x64
	EndGlobalSection
	GlobalSection(SolutionProperties) = preSolution
		HideSolutionNode = FALSE
	EndGlobalSection
	GlobalSection(ExtensibilityGlobals) = postSolution
		SolutionGuid = {FCC5C7A5-E3B9-42D7-A73E-05AF82249753}
	EndGlobalSection
EndGlobal
